<?xml version="1.0" encoding="UTF-8" standalone="yes" ?>
<CodeBlocks_project_file>
	<FileVersion major="1" minor="6" />
	<Project>
		<Option title="10_Lighting" />
		<Option pch_mode="2" />
		<Option compiler="gcc" />
		<Build>
			<Target title="Debug">
				<Option output="bin/Debug/lighting" prefix_auto="1" extension_auto="1" />
				<Option object_output="obj/Debug/" />
				<Option type="1" />
				<Option compiler="gcc" />
				<Compiler>
					<Add option="-g" />
				</Compiler>
				<Linker>
					<Add library="C:/Program Files (x86)/CodeBlocks/MinGW/lib/glew32s.lib" />
					<Add library="C:/Program Files (x86)/CodeBlocks/MinGW/lib/glew32.lib" />
					<Add library="C:/Program Files (x86)/CodeBlocks/MinGW/lib/libglfw3.a" />
					<Add library="C:/Program Files (x86)/CodeBlocks/MinGW/lib/libgdi32.a" />
					<Add library="C:/Program Files (x86)/CodeBlocks/MinGW/lib/libopengl32.a" />
				</Linker>
			</Target>
			<Target title="Release">
				<Option output="bin/Release/Alias_Tutorial01" prefix_auto="1" extension_auto="1" />
				<Option object_output="obj/Release/" />
				<Option type="1" />
				<Option compiler="gcc" />
				<Compiler>
					<Add option="-O2" />
				</Compiler>
				<Linker>
					<Add option="-s" />
				</Linker>
			</Target>
		</Build>
		<Compiler>
			<Add option="-Wall" />
			<Add option="-fexceptions" />
		</Compiler>
		<Unit filename="chessBoard.bmp" />
		<Unit filename="fragment.glsl" />
		<Unit filename="include/Program.h" />
		<Unit filename="include/Shader.h" />
		<Unit filename="include/loadBMP.h" />
		<Unit filename="main.cpp" />
		<Unit filename="src/Program.cpp" />
		<Unit filename="src/Shader.cpp" />
		<Unit filename="src/loadBMP.cpp" />
		<Unit filename="vertex.glsl" />
		<Extensions>
			<code_completion />
			<envvars />
			<debugger />
			<lib_finder disable_auto="1" />
			<DoxyBlocks>
				<comment_style block="0" line="0" />
				<doxyfile_project />
				<doxyfile_build />
				<doxyfile_warnings />
				<doxyfile_output />
				<doxyfile_dot />
				<general />
			</DoxyBlocks>
		</Extensions>
	</Project>
</CodeBlocks_project_file>
